dependencies:
- name: kube-state-metrics
  repository: https://kubernetes-charts.storage.googleapis.com/
  version: 2.6.*
- name: prometheus-node-exporter
  repository: https://kubernetes-charts.storage.googleapis.com/
  version: 1.9.*
- name: grafana
  repository: https://kubernetes-charts.storage.googleapis.com/
  version: 5.0.*
digest: sha256:c4d3c4f2ec7ef1fe31c48b02eee05b140120b95adba98d0d79acaecc3240c340
generated: "2020-04-20T10:01:29.925951927+08:00"
